<?xml version="1.0" encoding="utf-8"?>
<Project ToolsVersion="4.0" xmlns="http://schemas.microsoft.com/developer/msbuild/2003">
  <ItemGroup>
    <Filter Include="Snail">
      <UniqueIdentifier>{3CEE1A0E-A802-43BF-7184-E61EDD573FF0}</UniqueIdentifier>
    </Filter>
    <Filter Include="Snail\Application">
      <UniqueIdentifier>{FF63F3BA-6B7A-F150-B4F1-7C722047C2D8}</UniqueIdentifier>
    </Filter>
    <Filter Include="Snail\Events">
      <UniqueIdentifier>{A0BEA64B-8C21-36F0-35A7-6EA621E90173}</UniqueIdentifier>
    </Filter>
    <Filter Include="Snail\ImGui">
      <UniqueIdentifier>{6620C4DB-D2D5-3CD1-5BCA-36A8C77E33D5}</UniqueIdentifier>
    </Filter>
    <Filter Include="Snail\ImGui\ImGuiLib">
      <UniqueIdentifier>{47A1E67C-3330-7046-DC4E-8441C8BC80EC}</UniqueIdentifier>
    </Filter>
    <Filter Include="Snail\Input">
      <UniqueIdentifier>{3B5BC5DB-A710-3ED1-3005-38A89CB934D5}</UniqueIdentifier>
    </Filter>
    <Filter Include="Snail\Layer">
      <UniqueIdentifier>{08A8F4DB-745D-6DD1-FD51-67A8690664D5}</UniqueIdentifier>
    </Filter>
    <Filter Include="Snail\Logger">
      <UniqueIdentifier>{8B287D5B-778B-0C00-2011-45B60C53D882}</UniqueIdentifier>
    </Filter>
    <Filter Include="Snail\Platform">
      <UniqueIdentifier>{10EE6EEC-FCBB-62F2-E54F-D318D1BC3E57}</UniqueIdentifier>
    </Filter>
    <Filter Include="Snail\Platform\OpenGL">
      <UniqueIdentifier>{442511BF-B091-CCB9-7985-6417E5B0EE21}</UniqueIdentifier>
    </Filter>
    <Filter Include="Snail\Platform\OpenGL\ImGuiLayer">
      <UniqueIdentifier>{6B99BDAA-57EA-A8EC-804E-97AE6CFE3B56}</UniqueIdentifier>
    </Filter>
    <Filter Include="Snail\Platform\OpenGL\ImGuiLib">
      <UniqueIdentifier>{E5FF4112-D125-0C79-BA6B-9144A6303145}</UniqueIdentifier>
    </Filter>
    <Filter Include="Snail\Platform\Windows">
      <UniqueIdentifier>{4AA851F9-36A2-7A4B-1F0F-115C0BA8E0B7}</UniqueIdentifier>
    </Filter>
    <Filter Include="Snail\Window">
      <UniqueIdentifier>{A31FBD74-8F82-4C19-3808-85CF244A189C}</UniqueIdentifier>
    </Filter>
  </ItemGroup>
  <ItemGroup>
    <ClInclude Include="src\SNLpch.h" />
    <ClInclude Include="src\Snail.h" />
    <ClInclude Include="src\Snail\Application\Application.h">
      <Filter>Snail\Application</Filter>
    </ClInclude>
    <ClInclude Include="src\Snail\Core.h">
      <Filter>Snail</Filter>
    </ClInclude>
    <ClInclude Include="src\Snail\EntryPoint.h">
      <Filter>Snail</Filter>
    </ClInclude>
    <ClInclude Include="src\Snail\Events\ApplicationEvent.h">
      <Filter>Snail\Events</Filter>
    </ClInclude>
    <ClInclude Include="src\Snail\Events\Event.h">
      <Filter>Snail\Events</Filter>
    </ClInclude>
    <ClInclude Include="src\Snail\Events\KeyboardEvent.h">
      <Filter>Snail\Events</Filter>
    </ClInclude>
    <ClInclude Include="src\Snail\Events\MouseEvent.h">
      <Filter>Snail\Events</Filter>
    </ClInclude>
    <ClInclude Include="src\Snail\ImGui\ImGuiLib\SnailKey_To_ImGuiKey.h">
      <Filter>Snail\ImGui\ImGuiLib</Filter>
    </ClInclude>
    <ClInclude Include="src\Snail\ImGui\ImGuiLib\imgui_impl_glfw.h">
      <Filter>Snail\ImGui\ImGuiLib</Filter>
    </ClInclude>
    <ClInclude Include="src\Snail\Input\Input.h">
      <Filter>Snail\Input</Filter>
    </ClInclude>
    <ClInclude Include="src\Snail\InputCodes.h">
      <Filter>Snail</Filter>
    </ClInclude>
    <ClInclude Include="src\Snail\Layer\Layer.h">
      <Filter>Snail\Layer</Filter>
    </ClInclude>
    <ClInclude Include="src\Snail\Layer\LayerStack.h">
      <Filter>Snail\Layer</Filter>
    </ClInclude>
    <ClInclude Include="src\Snail\Logger\Log.h">
      <Filter>Snail\Logger</Filter>
    </ClInclude>
    <ClInclude Include="src\Snail\Platform\OpenGL\ImGuiLayer\ImGuiLayer.h">
      <Filter>Snail\Platform\OpenGL\ImGuiLayer</Filter>
    </ClInclude>
    <ClInclude Include="src\Snail\Platform\OpenGL\ImGuiLib\imgui_impl_opengl3.h">
      <Filter>Snail\Platform\OpenGL\ImGuiLib</Filter>
    </ClInclude>
    <ClInclude Include="src\Snail\Platform\OpenGL\ImGuiLib\imgui_impl_opengl3_loader.h">
      <Filter>Snail\Platform\OpenGL\ImGuiLib</Filter>
    </ClInclude>
    <ClInclude Include="src\Snail\Platform\Windows\WindowsInput.h">
      <Filter>Snail\Platform\Windows</Filter>
    </ClInclude>
    <ClInclude Include="src\Snail\Platform\Windows\WindowsWindow.h">
      <Filter>Snail\Platform\Windows</Filter>
    </ClInclude>
    <ClInclude Include="src\Snail\Window\Window.h">
      <Filter>Snail\Window</Filter>
    </ClInclude>
  </ItemGroup>
  <ItemGroup>
    <ClCompile Include="src\SNLpch.cpp" />
    <ClCompile Include="src\Snail\Application\Application.cpp">
      <Filter>Snail\Application</Filter>
    </ClCompile>
    <ClCompile Include="src\Snail\ImGui\ImGuiLib\imgui_impl_glfw.cpp">
      <Filter>Snail\ImGui\ImGuiLib</Filter>
    </ClCompile>
    <ClCompile Include="src\Snail\Layer\Layer.cpp">
      <Filter>Snail\Layer</Filter>
    </ClCompile>
    <ClCompile Include="src\Snail\Layer\LayerStack.cpp">
      <Filter>Snail\Layer</Filter>
    </ClCompile>
    <ClCompile Include="src\Snail\Logger\Log.cpp">
      <Filter>Snail\Logger</Filter>
    </ClCompile>
    <ClCompile Include="src\Snail\Platform\OpenGL\ImGuiLayer\ImGuiLayer.cpp">
      <Filter>Snail\Platform\OpenGL\ImGuiLayer</Filter>
    </ClCompile>
    <ClCompile Include="src\Snail\Platform\OpenGL\ImGuiLib\imgui_impl_opengl3.cpp">
      <Filter>Snail\Platform\OpenGL\ImGuiLib</Filter>
    </ClCompile>
    <ClCompile Include="src\Snail\Platform\Windows\WindowsInput.cpp">
      <Filter>Snail\Platform\Windows</Filter>
    </ClCompile>
    <ClCompile Include="src\Snail\Platform\Windows\WindowsWindow.cpp">
      <Filter>Snail\Platform\Windows</Filter>
    </ClCompile>
  </ItemGroup>
</Project>