<?xml version="1.0" encoding="utf-8"?>
<Project ToolsVersion="4.0" xmlns="http://schemas.microsoft.com/developer/msbuild/2003">
  <ItemGroup>
    <Filter Include="Snail">
      <UniqueIdentifier>{3CEE1A0E-A802-43BF-7184-E61EDD573FF0}</UniqueIdentifier>
    </Filter>
  </ItemGroup>
  <ItemGroup>
    <ClInclude Include="src\Snail.h" />
    <ClInclude Include="src\Snail\Application.h">
      <Filter>Snail</Filter>
    </ClInclude>
    <ClInclude Include="src\Snail\Core.h">
      <Filter>Snail</Filter>
    </ClInclude>
    <ClInclude Include="src\Snail\EntryPoint.h">
      <Filter>Snail</Filter>
    </ClInclude>
    <ClInclude Include="src\Snail\Log.h">
      <Filter>Snail</Filter>
    </ClInclude>
  </ItemGroup>
  <ItemGroup>
    <ClCompile Include="src\Snail\Application.cpp">
      <Filter>Snail</Filter>
    </ClCompile>
    <ClCompile Include="src\Snail\Log.cpp">
      <Filter>Snail</Filter>
    </ClCompile>
  </ItemGroup>
</Project>